
Microsoft Visual Studio Solution File, Format Version 12.00
# Visual Studio Version 17
VisualStudioVersion = 17.13.35828.75 d17.13
MinimumVisualStudioVersion = 10.0.40219.1
Project("{FAE04EC0-301F-11D3-BF4B-00C04F79EFBC}") = "Clase2", "Clase2\Clase2.csproj", "{97FBABC9-16B2-483A-B248-FA5BA4BB9264}"
EndProject
Global
	GlobalSection(SolutionConfigurationPlatforms) = preSolution
		Debug|Any CPU = Debug|Any CPU
		Release|Any CPU = Release|Any CPU
	EndGlobalSection
	GlobalSection(ProjectConfigurationPlatforms) = postSolution
		{97FBABC9-16B2-483A-B248-FA5BA4BB9264}.Debug|Any CPU.ActiveCfg = Debug|Any CPU
		{97FBABC9-16B2-483A-B248-FA5BA4BB9264}.Debug|Any CPU.Build.0 = Debug|Any CPU
		{97FBABC9-16B2-483A-B248-FA5BA4BB9264}.Release|Any CPU.ActiveCfg = Release|Any CPU
		{97FBABC9-16B2-483A-B248-FA5BA4BB9264}.Release|Any CPU.Build.0 = Release|Any CPU
	EndGlobalSection
	GlobalSection(SolutionProperties) = preSolution
		HideSolutionNode = FALSE
	EndGlobalSection
	GlobalSection(ExtensibilityGlobals) = postSolution
		SolutionGuid = {502DE8D1-12C0-475C-B41A-3B3BDA016B40}
	EndGlobalSection
EndGlobal
